<<<<<<< HEAD
﻿
Microsoft Visual Studio Solution File, Format Version 12.00
# Visual Studio Version 16
VisualStudioVersion = 16.0.29519.87
MinimumVisualStudioVersion = 10.0.40219.1
Project("{FAE04EC0-301F-11D3-BF4B-00C04F79EFBC}") = "NumerosPrimos", "NumerosPrimos\NumerosPrimos.csproj", "{7200325B-E292-4EEA-991A-B2D1A053892E}"
EndProject
Global
	GlobalSection(SolutionConfigurationPlatforms) = preSolution
		Debug|Any CPU = Debug|Any CPU
		Release|Any CPU = Release|Any CPU
	EndGlobalSection
	GlobalSection(ProjectConfigurationPlatforms) = postSolution
		{7200325B-E292-4EEA-991A-B2D1A053892E}.Debug|Any CPU.ActiveCfg = Debug|Any CPU
		{7200325B-E292-4EEA-991A-B2D1A053892E}.Debug|Any CPU.Build.0 = Debug|Any CPU
		{7200325B-E292-4EEA-991A-B2D1A053892E}.Release|Any CPU.ActiveCfg = Release|Any CPU
		{7200325B-E292-4EEA-991A-B2D1A053892E}.Release|Any CPU.Build.0 = Release|Any CPU
	EndGlobalSection
	GlobalSection(SolutionProperties) = preSolution
		HideSolutionNode = FALSE
	EndGlobalSection
	GlobalSection(ExtensibilityGlobals) = postSolution
		SolutionGuid = {6A3553D0-321D-42A0-8082-0FEA2BF22E2E}
	EndGlobalSection
EndGlobal
=======
﻿
Microsoft Visual Studio Solution File, Format Version 12.00
# Visual Studio Version 16
VisualStudioVersion = 16.0.29519.87
MinimumVisualStudioVersion = 10.0.40219.1
Project("{FAE04EC0-301F-11D3-BF4B-00C04F79EFBC}") = "NumerosPrimos", "NumerosPrimos\NumerosPrimos.csproj", "{7200325B-E292-4EEA-991A-B2D1A053892E}"
EndProject
Global
	GlobalSection(SolutionConfigurationPlatforms) = preSolution
		Debug|Any CPU = Debug|Any CPU
		Release|Any CPU = Release|Any CPU
	EndGlobalSection
	GlobalSection(ProjectConfigurationPlatforms) = postSolution
		{7200325B-E292-4EEA-991A-B2D1A053892E}.Debug|Any CPU.ActiveCfg = Debug|Any CPU
		{7200325B-E292-4EEA-991A-B2D1A053892E}.Debug|Any CPU.Build.0 = Debug|Any CPU
		{7200325B-E292-4EEA-991A-B2D1A053892E}.Release|Any CPU.ActiveCfg = Release|Any CPU
		{7200325B-E292-4EEA-991A-B2D1A053892E}.Release|Any CPU.Build.0 = Release|Any CPU
	EndGlobalSection
	GlobalSection(SolutionProperties) = preSolution
		HideSolutionNode = FALSE
	EndGlobalSection
	GlobalSection(ExtensibilityGlobals) = postSolution
		SolutionGuid = {6A3553D0-321D-42A0-8082-0FEA2BF22E2E}
	EndGlobalSection
EndGlobal
>>>>>>> e8e7d42c368e8ae46807e2cf21a2e5c08418c9e5
